{
  "requires": true,
  "lockfileVersion": 1,
  "dependencies": {
    "react-hover-image": {
      "version": "2.0.1",
      "resolved": "https://registry.npmjs.org/react-hover-image/-/react-hover-image-2.0.1.tgz",
      "integrity": "sha512-eamAKxOQAHfAqYuFPU+RGCOradhFLv9HCVKnKKJqTZPMS+P7H3q8xJq0ZZ3TKr3rtNJOI1Ha6RZPuCfPNuadWg=="
    }
  }
}
